
Microsoft Visual Studio Solution File, Format Version 12.00
Project("{FAE04EC0-301F-11D3-BF4B-00C04F79EFBC}") = "CatEars.HappyBuild", "CatEars.HappyBuild\CatEars.HappyBuild.csproj", "{5AA454E8-3CC5-46E9-B472-DDDA25794A27}"
EndProject
Project("{2150E333-8FDC-42A3-9474-1A3956D46DE8}") = "Example", "Example", "{C0ECC6BD-B392-4EB3-B9DB-1E0D98CC22C2}"
EndProject
Project("{FAE04EC0-301F-11D3-BF4B-00C04F79EFBC}") = "JungleAnimals", "Example\JungleAnimals\JungleAnimals.csproj", "{27D3E58B-91B8-42BD-9489-4D6103A4DEB0}"
EndProject
Project("{FAE04EC0-301F-11D3-BF4B-00C04F79EFBC}") = "JungleAnimals.Test", "Example\JungleAnimals.Test\JungleAnimals.Test.csproj", "{75DF9288-27FF-4002-859C-7CA491BDE799}"
EndProject
Project("{2150E333-8FDC-42A3-9474-1A3956D46DE8}") = "Vendor", "Vendor", "{B5CFD06F-D85B-4A9B-978E-672C98FB167B}"
EndProject
Project("{FAE04EC0-301F-11D3-BF4B-00C04F79EFBC}") = "Nanoid", "Vendor\nanoid-net-2.1.0\src\Nanoid\Nanoid.csproj", "{67449929-5C59-44B0-8B79-9FEEF0C56138}"
EndProject
Project("{FAE04EC0-301F-11D3-BF4B-00C04F79EFBC}") = "CatEars.HappyBuild.Tests", "CatEars.HappyBuild.Tests\CatEars.HappyBuild.Tests.csproj", "{AFE0E00B-AD8B-4BF5-946A-98FE679997BC}"
EndProject
Project("{2150E333-8FDC-42A3-9474-1A3956D46DE8}") = "Animals", "Animals", "{522EAFAA-B577-4D23-B4BD-9001454B8523}"
EndProject
Project("{2150E333-8FDC-42A3-9474-1A3956D46DE8}") = "Advanced", "Advanced", "{E237E4B0-09FF-43A6-AB79-CAAF4FDC1E63}"
EndProject
Project("{FAE04EC0-301F-11D3-BF4B-00C04F79EFBC}") = "AdvancedTemplating", "Example\AdvancedTemplating\AdvancedTemplating.csproj", "{3653FBC7-0D6F-4153-9E39-3AFB80EF3AA8}"
EndProject
Project("{FAE04EC0-301F-11D3-BF4B-00C04F79EFBC}") = "AdvancedTemplating.Tests", "Example\AdvancedTemplating.Tests\AdvancedTemplating.Tests.csproj", "{9C5E1870-D628-47E7-96F1-90E25F8BE94A}"
EndProject
Project("{2150E333-8FDC-42A3-9474-1A3956D46DE8}") = "MockLibraries", "MockLibraries", "{9F47E3CC-BF4D-41B9-8FBC-F5480C98C97D}"
EndProject
Project("{2150E333-8FDC-42A3-9474-1A3956D46DE8}") = "FakeItEasy", "FakeItEasy", "{B9007A81-33DB-47E9-9228-9A0F42675BC1}"
EndProject
Project("{FAE04EC0-301F-11D3-BF4B-00C04F79EFBC}") = "CatEars.HappyBuild.FakeItEasy", "MockLibraries\FakeItEasy\CatEars.HappyBuild.FakeItEasy\CatEars.HappyBuild.FakeItEasy.csproj", "{655C522B-F11B-4E4C-9F44-D39C1E4FEBAA}"
EndProject
Project("{FAE04EC0-301F-11D3-BF4B-00C04F79EFBC}") = "CatEars.HappyBuild.FakeItEasy.Test", "MockLibraries\FakeItEasy\CatEars.HappyBuild.FakeItEasy.Test\CatEars.HappyBuild.FakeItEasy.Test.csproj", "{F5840C8C-FEC5-477A-90B1-52D0619BC7E0}"
EndProject
Global
	GlobalSection(SolutionConfigurationPlatforms) = preSolution
		Debug|Any CPU = Debug|Any CPU
		Release|Any CPU = Release|Any CPU
	EndGlobalSection
	GlobalSection(ProjectConfigurationPlatforms) = postSolution
		{5AA454E8-3CC5-46E9-B472-DDDA25794A27}.Debug|Any CPU.ActiveCfg = Debug|Any CPU
		{5AA454E8-3CC5-46E9-B472-DDDA25794A27}.Debug|Any CPU.Build.0 = Debug|Any CPU
		{5AA454E8-3CC5-46E9-B472-DDDA25794A27}.Release|Any CPU.ActiveCfg = Release|Any CPU
		{5AA454E8-3CC5-46E9-B472-DDDA25794A27}.Release|Any CPU.Build.0 = Release|Any CPU
		{27D3E58B-91B8-42BD-9489-4D6103A4DEB0}.Debug|Any CPU.ActiveCfg = Debug|Any CPU
		{27D3E58B-91B8-42BD-9489-4D6103A4DEB0}.Debug|Any CPU.Build.0 = Debug|Any CPU
		{27D3E58B-91B8-42BD-9489-4D6103A4DEB0}.Release|Any CPU.ActiveCfg = Release|Any CPU
		{27D3E58B-91B8-42BD-9489-4D6103A4DEB0}.Release|Any CPU.Build.0 = Release|Any CPU
		{75DF9288-27FF-4002-859C-7CA491BDE799}.Debug|Any CPU.ActiveCfg = Debug|Any CPU
		{75DF9288-27FF-4002-859C-7CA491BDE799}.Debug|Any CPU.Build.0 = Debug|Any CPU
		{75DF9288-27FF-4002-859C-7CA491BDE799}.Release|Any CPU.ActiveCfg = Release|Any CPU
		{75DF9288-27FF-4002-859C-7CA491BDE799}.Release|Any CPU.Build.0 = Release|Any CPU
		{67449929-5C59-44B0-8B79-9FEEF0C56138}.Debug|Any CPU.ActiveCfg = Debug|Any CPU
		{67449929-5C59-44B0-8B79-9FEEF0C56138}.Debug|Any CPU.Build.0 = Debug|Any CPU
		{67449929-5C59-44B0-8B79-9FEEF0C56138}.Release|Any CPU.ActiveCfg = Release|Any CPU
		{67449929-5C59-44B0-8B79-9FEEF0C56138}.Release|Any CPU.Build.0 = Release|Any CPU
		{AFE0E00B-AD8B-4BF5-946A-98FE679997BC}.Debug|Any CPU.ActiveCfg = Debug|Any CPU
		{AFE0E00B-AD8B-4BF5-946A-98FE679997BC}.Debug|Any CPU.Build.0 = Debug|Any CPU
		{AFE0E00B-AD8B-4BF5-946A-98FE679997BC}.Release|Any CPU.ActiveCfg = Release|Any CPU
		{AFE0E00B-AD8B-4BF5-946A-98FE679997BC}.Release|Any CPU.Build.0 = Release|Any CPU
		{3653FBC7-0D6F-4153-9E39-3AFB80EF3AA8}.Debug|Any CPU.ActiveCfg = Debug|Any CPU
		{3653FBC7-0D6F-4153-9E39-3AFB80EF3AA8}.Debug|Any CPU.Build.0 = Debug|Any CPU
		{3653FBC7-0D6F-4153-9E39-3AFB80EF3AA8}.Release|Any CPU.ActiveCfg = Release|Any CPU
		{3653FBC7-0D6F-4153-9E39-3AFB80EF3AA8}.Release|Any CPU.Build.0 = Release|Any CPU
		{9C5E1870-D628-47E7-96F1-90E25F8BE94A}.Debug|Any CPU.ActiveCfg = Debug|Any CPU
		{9C5E1870-D628-47E7-96F1-90E25F8BE94A}.Debug|Any CPU.Build.0 = Debug|Any CPU
		{9C5E1870-D628-47E7-96F1-90E25F8BE94A}.Release|Any CPU.ActiveCfg = Release|Any CPU
		{9C5E1870-D628-47E7-96F1-90E25F8BE94A}.Release|Any CPU.Build.0 = Release|Any CPU
		{655C522B-F11B-4E4C-9F44-D39C1E4FEBAA}.Debug|Any CPU.ActiveCfg = Debug|Any CPU
		{655C522B-F11B-4E4C-9F44-D39C1E4FEBAA}.Debug|Any CPU.Build.0 = Debug|Any CPU
		{655C522B-F11B-4E4C-9F44-D39C1E4FEBAA}.Release|Any CPU.ActiveCfg = Release|Any CPU
		{655C522B-F11B-4E4C-9F44-D39C1E4FEBAA}.Release|Any CPU.Build.0 = Release|Any CPU
		{F5840C8C-FEC5-477A-90B1-52D0619BC7E0}.Debug|Any CPU.ActiveCfg = Debug|Any CPU
		{F5840C8C-FEC5-477A-90B1-52D0619BC7E0}.Debug|Any CPU.Build.0 = Debug|Any CPU
		{F5840C8C-FEC5-477A-90B1-52D0619BC7E0}.Release|Any CPU.ActiveCfg = Release|Any CPU
		{F5840C8C-FEC5-477A-90B1-52D0619BC7E0}.Release|Any CPU.Build.0 = Release|Any CPU
	EndGlobalSection
	GlobalSection(NestedProjects) = preSolution
		{67449929-5C59-44B0-8B79-9FEEF0C56138} = {B5CFD06F-D85B-4A9B-978E-672C98FB167B}
		{522EAFAA-B577-4D23-B4BD-9001454B8523} = {C0ECC6BD-B392-4EB3-B9DB-1E0D98CC22C2}
		{27D3E58B-91B8-42BD-9489-4D6103A4DEB0} = {522EAFAA-B577-4D23-B4BD-9001454B8523}
		{75DF9288-27FF-4002-859C-7CA491BDE799} = {522EAFAA-B577-4D23-B4BD-9001454B8523}
		{E237E4B0-09FF-43A6-AB79-CAAF4FDC1E63} = {C0ECC6BD-B392-4EB3-B9DB-1E0D98CC22C2}
		{3653FBC7-0D6F-4153-9E39-3AFB80EF3AA8} = {E237E4B0-09FF-43A6-AB79-CAAF4FDC1E63}
		{9C5E1870-D628-47E7-96F1-90E25F8BE94A} = {E237E4B0-09FF-43A6-AB79-CAAF4FDC1E63}
		{B9007A81-33DB-47E9-9228-9A0F42675BC1} = {9F47E3CC-BF4D-41B9-8FBC-F5480C98C97D}
		{655C522B-F11B-4E4C-9F44-D39C1E4FEBAA} = {B9007A81-33DB-47E9-9228-9A0F42675BC1}
		{F5840C8C-FEC5-477A-90B1-52D0619BC7E0} = {B9007A81-33DB-47E9-9228-9A0F42675BC1}
	EndGlobalSection
EndGlobal
